
Microsoft Visual Studio Solution File, Format Version 12.00
# Visual Studio 15
VisualStudioVersion = 15.0.28010.2046
MinimumVisualStudioVersion = 10.0.40219.1
Project("{2150E333-8FDC-42A3-9474-1A3956D46DE8}") = "0 - Presentation", "0 - Presentation", "{51308D59-EBBE-4073-9104-969E459079B2}"
EndProject
Project("{2150E333-8FDC-42A3-9474-1A3956D46DE8}") = "1 - Application", "1 - Application", "{4E65D9CE-5E35-4038-A12D-AED5D18FBF72}"
EndProject
Project("{2150E333-8FDC-42A3-9474-1A3956D46DE8}") = "2 - Domain", "2 - Domain", "{D491A566-5BCB-4932-9F91-D7C96CD27EDF}"
EndProject
Project("{2150E333-8FDC-42A3-9474-1A3956D46DE8}") = "3 - Infrastructure", "3 - Infrastructure", "{9D0A3E54-F180-4AAA-A2B8-6C3D58091846}"
EndProject
Project("{FAE04EC0-301F-11D3-BF4B-00C04F79EFBC}") = "TheSocialNetwork.WebApp", "TheSocialNetwork.WebApp\TheSocialNetwork.WebApp.csproj", "{6FBBAD48-321A-4E0A-991B-91DD279754A8}"
EndProject
Project("{FAE04EC0-301F-11D3-BF4B-00C04F79EFBC}") = "TheSocialNetwork.DomainModel", "TheSocialNetwork.DomainModel\TheSocialNetwork.DomainModel.csproj", "{A6EE1A28-54AF-43C8-A56C-F83AA4897CF8}"
EndProject
Project("{FAE04EC0-301F-11D3-BF4B-00C04F79EFBC}") = "TheSocialNetwork.DomainService", "TheSocialNetwork.DomainService\TheSocialNetwork.DomainService.csproj", "{A02CB555-0887-410F-8F09-C10E89279315}"
EndProject
Project("{FAE04EC0-301F-11D3-BF4B-00C04F79EFBC}") = "TheSocialNetwork.DataAccess", "TheSocialNetwork.DataAccess\TheSocialNetwork.DataAccess.csproj", "{6981C853-93D8-417A-A8E5-60BB302BDBF0}"
EndProject
Project("{FAE04EC0-301F-11D3-BF4B-00C04F79EFBC}") = "TheSocialNetwork.AzureStorageAccount", "TheSocialNetwork.AzureStorageAccount\TheSocialNetwork.AzureStorageAccount.csproj", "{5FF77DFE-FC30-4F65-804C-1EBE2D1D1826}"
EndProject
Project("{2150E333-8FDC-42A3-9474-1A3956D46DE8}") = "UnitTests", "UnitTests", "{63FDE6FE-8634-47B5-AE23-E551EDFDCFF3}"
EndProject
Project("{FAE04EC0-301F-11D3-BF4B-00C04F79EFBC}") = "TheSocialNetwork.UnitTests.AzureStorage", "TheSocialNetwork.UnitTests.AzureStorage\TheSocialNetwork.UnitTests.AzureStorage.csproj", "{C974FE62-D6DF-44F8-889D-12EE389C7D10}"
EndProject
Project("{FAE04EC0-301F-11D3-BF4B-00C04F79EFBC}") = "TheSocialNetwork.UnitTests.DataAccess", "TheSocialNetwork.UnitTests.DataAccess\TheSocialNetwork.UnitTests.DataAccess.csproj", "{173D434F-2F6F-4FBF-A3E8-1F23583E2D11}"
EndProject
Project("{FAE04EC0-301F-11D3-BF4B-00C04F79EFBC}") = "TheSocialNetwork.ProfileWebAPI", "TheSocialNetwork.ProfileWebAPI\TheSocialNetwork.ProfileWebAPI.csproj", "{D6EE3BA6-B316-41A3-A931-B5BED57D5446}"
EndProject
Project("{FAE04EC0-301F-11D3-BF4B-00C04F79EFBC}") = "TheSocialNetwork.UnitTests.ProfileWebAPI", "TheSocialNetwork.UnitTests.ProfileWebAPI\TheSocialNetwork.UnitTests.ProfileWebAPI.csproj", "{5868B875-FBE5-4839-82E0-35D12B80648B}"
EndProject
Project("{FAE04EC0-301F-11D3-BF4B-00C04F79EFBC}") = "TheSocialNetwork.NotificationWebAPI", "TheSocialNetwork.NotificationWebAPI\TheSocialNetwork.NotificationWebAPI.csproj", "{53CF252E-59B6-491A-9163-D1465B130CEF}"
EndProject
Project("{FAE04EC0-301F-11D3-BF4B-00C04F79EFBC}") = "TheSocialNetwork.PostWebAPI", "TheSocialNetwork.PostWebAPI\TheSocialNetwork.PostWebAPI.csproj", "{2D86D74C-BC1C-4A4E-82E8-E5494DD70E8C}"
EndProject
Global
	GlobalSection(SolutionConfigurationPlatforms) = preSolution
		Ad-Hoc|Any CPU = Ad-Hoc|Any CPU
		Ad-Hoc|ARM = Ad-Hoc|ARM
		Ad-Hoc|iPhone = Ad-Hoc|iPhone
		Ad-Hoc|iPhoneSimulator = Ad-Hoc|iPhoneSimulator
		Ad-Hoc|x64 = Ad-Hoc|x64
		Ad-Hoc|x86 = Ad-Hoc|x86
		AppStore|Any CPU = AppStore|Any CPU
		AppStore|ARM = AppStore|ARM
		AppStore|iPhone = AppStore|iPhone
		AppStore|iPhoneSimulator = AppStore|iPhoneSimulator
		AppStore|x64 = AppStore|x64
		AppStore|x86 = AppStore|x86
		Debug|Any CPU = Debug|Any CPU
		Debug|ARM = Debug|ARM
		Debug|iPhone = Debug|iPhone
		Debug|iPhoneSimulator = Debug|iPhoneSimulator
		Debug|x64 = Debug|x64
		Debug|x86 = Debug|x86
		Release|Any CPU = Release|Any CPU
		Release|ARM = Release|ARM
		Release|iPhone = Release|iPhone
		Release|iPhoneSimulator = Release|iPhoneSimulator
		Release|x64 = Release|x64
		Release|x86 = Release|x86
	EndGlobalSection
	GlobalSection(ProjectConfigurationPlatforms) = postSolution
		{6FBBAD48-321A-4E0A-991B-91DD279754A8}.Ad-Hoc|Any CPU.ActiveCfg = Release|Any CPU
		{6FBBAD48-321A-4E0A-991B-91DD279754A8}.Ad-Hoc|Any CPU.Build.0 = Release|Any CPU
		{6FBBAD48-321A-4E0A-991B-91DD279754A8}.Ad-Hoc|ARM.ActiveCfg = Release|Any CPU
		{6FBBAD48-321A-4E0A-991B-91DD279754A8}.Ad-Hoc|ARM.Build.0 = Release|Any CPU
		{6FBBAD48-321A-4E0A-991B-91DD279754A8}.Ad-Hoc|iPhone.ActiveCfg = Release|Any CPU
		{6FBBAD48-321A-4E0A-991B-91DD279754A8}.Ad-Hoc|iPhone.Build.0 = Release|Any CPU
		{6FBBAD48-321A-4E0A-991B-91DD279754A8}.Ad-Hoc|iPhoneSimulator.ActiveCfg = Release|Any CPU
		{6FBBAD48-321A-4E0A-991B-91DD279754A8}.Ad-Hoc|iPhoneSimulator.Build.0 = Release|Any CPU
		{6FBBAD48-321A-4E0A-991B-91DD279754A8}.Ad-Hoc|x64.ActiveCfg = Release|Any CPU
		{6FBBAD48-321A-4E0A-991B-91DD279754A8}.Ad-Hoc|x64.Build.0 = Release|Any CPU
		{6FBBAD48-321A-4E0A-991B-91DD279754A8}.Ad-Hoc|x86.ActiveCfg = Release|Any CPU
		{6FBBAD48-321A-4E0A-991B-91DD279754A8}.Ad-Hoc|x86.Build.0 = Release|Any CPU
		{6FBBAD48-321A-4E0A-991B-91DD279754A8}.AppStore|Any CPU.ActiveCfg = Release|Any CPU
		{6FBBAD48-321A-4E0A-991B-91DD279754A8}.AppStore|Any CPU.Build.0 = Release|Any CPU
		{6FBBAD48-321A-4E0A-991B-91DD279754A8}.AppStore|ARM.ActiveCfg = Release|Any CPU
		{6FBBAD48-321A-4E0A-991B-91DD279754A8}.AppStore|ARM.Build.0 = Release|Any CPU
		{6FBBAD48-321A-4E0A-991B-91DD279754A8}.AppStore|iPhone.ActiveCfg = Release|Any CPU
		{6FBBAD48-321A-4E0A-991B-91DD279754A8}.AppStore|iPhone.Build.0 = Release|Any CPU
		{6FBBAD48-321A-4E0A-991B-91DD279754A8}.AppStore|iPhoneSimulator.ActiveCfg = Release|Any CPU
		{6FBBAD48-321A-4E0A-991B-91DD279754A8}.AppStore|iPhoneSimulator.Build.0 = Release|Any CPU
		{6FBBAD48-321A-4E0A-991B-91DD279754A8}.AppStore|x64.ActiveCfg = Release|Any CPU
		{6FBBAD48-321A-4E0A-991B-91DD279754A8}.AppStore|x64.Build.0 = Release|Any CPU
		{6FBBAD48-321A-4E0A-991B-91DD279754A8}.AppStore|x86.ActiveCfg = Release|Any CPU
		{6FBBAD48-321A-4E0A-991B-91DD279754A8}.AppStore|x86.Build.0 = Release|Any CPU
		{6FBBAD48-321A-4E0A-991B-91DD279754A8}.Debug|Any CPU.ActiveCfg = Debug|Any CPU
		{6FBBAD48-321A-4E0A-991B-91DD279754A8}.Debug|Any CPU.Build.0 = Debug|Any CPU
		{6FBBAD48-321A-4E0A-991B-91DD279754A8}.Debug|ARM.ActiveCfg = Debug|Any CPU
		{6FBBAD48-321A-4E0A-991B-91DD279754A8}.Debug|ARM.Build.0 = Debug|Any CPU
		{6FBBAD48-321A-4E0A-991B-91DD279754A8}.Debug|iPhone.ActiveCfg = Debug|Any CPU
		{6FBBAD48-321A-4E0A-991B-91DD279754A8}.Debug|iPhone.Build.0 = Debug|Any CPU
		{6FBBAD48-321A-4E0A-991B-91DD279754A8}.Debug|iPhoneSimulator.ActiveCfg = Debug|Any CPU
		{6FBBAD48-321A-4E0A-991B-91DD279754A8}.Debug|iPhoneSimulator.Build.0 = Debug|Any CPU
		{6FBBAD48-321A-4E0A-991B-91DD279754A8}.Debug|x64.ActiveCfg = Debug|Any CPU
		{6FBBAD48-321A-4E0A-991B-91DD279754A8}.Debug|x64.Build.0 = Debug|Any CPU
		{6FBBAD48-321A-4E0A-991B-91DD279754A8}.Debug|x86.ActiveCfg = Debug|Any CPU
		{6FBBAD48-321A-4E0A-991B-91DD279754A8}.Debug|x86.Build.0 = Debug|Any CPU
		{6FBBAD48-321A-4E0A-991B-91DD279754A8}.Release|Any CPU.ActiveCfg = Release|Any CPU
		{6FBBAD48-321A-4E0A-991B-91DD279754A8}.Release|Any CPU.Build.0 = Release|Any CPU
		{6FBBAD48-321A-4E0A-991B-91DD279754A8}.Release|ARM.ActiveCfg = Release|Any CPU
		{6FBBAD48-321A-4E0A-991B-91DD279754A8}.Release|ARM.Build.0 = Release|Any CPU
		{6FBBAD48-321A-4E0A-991B-91DD279754A8}.Release|iPhone.ActiveCfg = Release|Any CPU
		{6FBBAD48-321A-4E0A-991B-91DD279754A8}.Release|iPhone.Build.0 = Release|Any CPU
		{6FBBAD48-321A-4E0A-991B-91DD279754A8}.Release|iPhoneSimulator.ActiveCfg = Release|Any CPU
		{6FBBAD48-321A-4E0A-991B-91DD279754A8}.Release|iPhoneSimulator.Build.0 = Release|Any CPU
		{6FBBAD48-321A-4E0A-991B-91DD279754A8}.Release|x64.ActiveCfg = Release|Any CPU
		{6FBBAD48-321A-4E0A-991B-91DD279754A8}.Release|x64.Build.0 = Release|Any CPU
		{6FBBAD48-321A-4E0A-991B-91DD279754A8}.Release|x86.ActiveCfg = Release|Any CPU
		{6FBBAD48-321A-4E0A-991B-91DD279754A8}.Release|x86.Build.0 = Release|Any CPU
		{A6EE1A28-54AF-43C8-A56C-F83AA4897CF8}.Ad-Hoc|Any CPU.ActiveCfg = Release|Any CPU
		{A6EE1A28-54AF-43C8-A56C-F83AA4897CF8}.Ad-Hoc|Any CPU.Build.0 = Release|Any CPU
		{A6EE1A28-54AF-43C8-A56C-F83AA4897CF8}.Ad-Hoc|ARM.ActiveCfg = Release|Any CPU
		{A6EE1A28-54AF-43C8-A56C-F83AA4897CF8}.Ad-Hoc|ARM.Build.0 = Release|Any CPU
		{A6EE1A28-54AF-43C8-A56C-F83AA4897CF8}.Ad-Hoc|iPhone.ActiveCfg = Release|Any CPU
		{A6EE1A28-54AF-43C8-A56C-F83AA4897CF8}.Ad-Hoc|iPhone.Build.0 = Release|Any CPU
		{A6EE1A28-54AF-43C8-A56C-F83AA4897CF8}.Ad-Hoc|iPhoneSimulator.ActiveCfg = Release|Any CPU
		{A6EE1A28-54AF-43C8-A56C-F83AA4897CF8}.Ad-Hoc|iPhoneSimulator.Build.0 = Release|Any CPU
		{A6EE1A28-54AF-43C8-A56C-F83AA4897CF8}.Ad-Hoc|x64.ActiveCfg = Release|Any CPU
		{A6EE1A28-54AF-43C8-A56C-F83AA4897CF8}.Ad-Hoc|x64.Build.0 = Release|Any CPU
		{A6EE1A28-54AF-43C8-A56C-F83AA4897CF8}.Ad-Hoc|x86.ActiveCfg = Release|Any CPU
		{A6EE1A28-54AF-43C8-A56C-F83AA4897CF8}.Ad-Hoc|x86.Build.0 = Release|Any CPU
		{A6EE1A28-54AF-43C8-A56C-F83AA4897CF8}.AppStore|Any CPU.ActiveCfg = Release|Any CPU
		{A6EE1A28-54AF-43C8-A56C-F83AA4897CF8}.AppStore|Any CPU.Build.0 = Release|Any CPU
		{A6EE1A28-54AF-43C8-A56C-F83AA4897CF8}.AppStore|ARM.ActiveCfg = Release|Any CPU
		{A6EE1A28-54AF-43C8-A56C-F83AA4897CF8}.AppStore|ARM.Build.0 = Release|Any CPU
		{A6EE1A28-54AF-43C8-A56C-F83AA4897CF8}.AppStore|iPhone.ActiveCfg = Release|Any CPU
		{A6EE1A28-54AF-43C8-A56C-F83AA4897CF8}.AppStore|iPhone.Build.0 = Release|Any CPU
		{A6EE1A28-54AF-43C8-A56C-F83AA4897CF8}.AppStore|iPhoneSimulator.ActiveCfg = Release|Any CPU
		{A6EE1A28-54AF-43C8-A56C-F83AA4897CF8}.AppStore|iPhoneSimulator.Build.0 = Release|Any CPU
		{A6EE1A28-54AF-43C8-A56C-F83AA4897CF8}.AppStore|x64.ActiveCfg = Release|Any CPU
		{A6EE1A28-54AF-43C8-A56C-F83AA4897CF8}.AppStore|x64.Build.0 = Release|Any CPU
		{A6EE1A28-54AF-43C8-A56C-F83AA4897CF8}.AppStore|x86.ActiveCfg = Release|Any CPU
		{A6EE1A28-54AF-43C8-A56C-F83AA4897CF8}.AppStore|x86.Build.0 = Release|Any CPU
		{A6EE1A28-54AF-43C8-A56C-F83AA4897CF8}.Debug|Any CPU.ActiveCfg = Debug|Any CPU
		{A6EE1A28-54AF-43C8-A56C-F83AA4897CF8}.Debug|Any CPU.Build.0 = Debug|Any CPU
		{A6EE1A28-54AF-43C8-A56C-F83AA4897CF8}.Debug|ARM.ActiveCfg = Debug|Any CPU
		{A6EE1A28-54AF-43C8-A56C-F83AA4897CF8}.Debug|ARM.Build.0 = Debug|Any CPU
		{A6EE1A28-54AF-43C8-A56C-F83AA4897CF8}.Debug|iPhone.ActiveCfg = Debug|Any CPU
		{A6EE1A28-54AF-43C8-A56C-F83AA4897CF8}.Debug|iPhone.Build.0 = Debug|Any CPU
		{A6EE1A28-54AF-43C8-A56C-F83AA4897CF8}.Debug|iPhoneSimulator.ActiveCfg = Debug|Any CPU
		{A6EE1A28-54AF-43C8-A56C-F83AA4897CF8}.Debug|iPhoneSimulator.Build.0 = Debug|Any CPU
		{A6EE1A28-54AF-43C8-A56C-F83AA4897CF8}.Debug|x64.ActiveCfg = Debug|Any CPU
		{A6EE1A28-54AF-43C8-A56C-F83AA4897CF8}.Debug|x64.Build.0 = Debug|Any CPU
		{A6EE1A28-54AF-43C8-A56C-F83AA4897CF8}.Debug|x86.ActiveCfg = Debug|Any CPU
		{A6EE1A28-54AF-43C8-A56C-F83AA4897CF8}.Debug|x86.Build.0 = Debug|Any CPU
		{A6EE1A28-54AF-43C8-A56C-F83AA4897CF8}.Release|Any CPU.ActiveCfg = Release|Any CPU
		{A6EE1A28-54AF-43C8-A56C-F83AA4897CF8}.Release|Any CPU.Build.0 = Release|Any CPU
		{A6EE1A28-54AF-43C8-A56C-F83AA4897CF8}.Release|ARM.ActiveCfg = Release|Any CPU
		{A6EE1A28-54AF-43C8-A56C-F83AA4897CF8}.Release|ARM.Build.0 = Release|Any CPU
		{A6EE1A28-54AF-43C8-A56C-F83AA4897CF8}.Release|iPhone.ActiveCfg = Release|Any CPU
		{A6EE1A28-54AF-43C8-A56C-F83AA4897CF8}.Release|iPhone.Build.0 = Release|Any CPU
		{A6EE1A28-54AF-43C8-A56C-F83AA4897CF8}.Release|iPhoneSimulator.ActiveCfg = Release|Any CPU
		{A6EE1A28-54AF-43C8-A56C-F83AA4897CF8}.Release|iPhoneSimulator.Build.0 = Release|Any CPU
		{A6EE1A28-54AF-43C8-A56C-F83AA4897CF8}.Release|x64.ActiveCfg = Release|Any CPU
		{A6EE1A28-54AF-43C8-A56C-F83AA4897CF8}.Release|x64.Build.0 = Release|Any CPU
		{A6EE1A28-54AF-43C8-A56C-F83AA4897CF8}.Release|x86.ActiveCfg = Release|Any CPU
		{A6EE1A28-54AF-43C8-A56C-F83AA4897CF8}.Release|x86.Build.0 = Release|Any CPU
		{A02CB555-0887-410F-8F09-C10E89279315}.Ad-Hoc|Any CPU.ActiveCfg = Release|Any CPU
		{A02CB555-0887-410F-8F09-C10E89279315}.Ad-Hoc|Any CPU.Build.0 = Release|Any CPU
		{A02CB555-0887-410F-8F09-C10E89279315}.Ad-Hoc|ARM.ActiveCfg = Release|Any CPU
		{A02CB555-0887-410F-8F09-C10E89279315}.Ad-Hoc|ARM.Build.0 = Release|Any CPU
		{A02CB555-0887-410F-8F09-C10E89279315}.Ad-Hoc|iPhone.ActiveCfg = Release|Any CPU
		{A02CB555-0887-410F-8F09-C10E89279315}.Ad-Hoc|iPhone.Build.0 = Release|Any CPU
		{A02CB555-0887-410F-8F09-C10E89279315}.Ad-Hoc|iPhoneSimulator.ActiveCfg = Release|Any CPU
		{A02CB555-0887-410F-8F09-C10E89279315}.Ad-Hoc|iPhoneSimulator.Build.0 = Release|Any CPU
		{A02CB555-0887-410F-8F09-C10E89279315}.Ad-Hoc|x64.ActiveCfg = Release|Any CPU
		{A02CB555-0887-410F-8F09-C10E89279315}.Ad-Hoc|x64.Build.0 = Release|Any CPU
		{A02CB555-0887-410F-8F09-C10E89279315}.Ad-Hoc|x86.ActiveCfg = Release|Any CPU
		{A02CB555-0887-410F-8F09-C10E89279315}.Ad-Hoc|x86.Build.0 = Release|Any CPU
		{A02CB555-0887-410F-8F09-C10E89279315}.AppStore|Any CPU.ActiveCfg = Release|Any CPU
		{A02CB555-0887-410F-8F09-C10E89279315}.AppStore|Any CPU.Build.0 = Release|Any CPU
		{A02CB555-0887-410F-8F09-C10E89279315}.AppStore|ARM.ActiveCfg = Release|Any CPU
		{A02CB555-0887-410F-8F09-C10E89279315}.AppStore|ARM.Build.0 = Release|Any CPU
		{A02CB555-0887-410F-8F09-C10E89279315}.AppStore|iPhone.ActiveCfg = Release|Any CPU
		{A02CB555-0887-410F-8F09-C10E89279315}.AppStore|iPhone.Build.0 = Release|Any CPU
		{A02CB555-0887-410F-8F09-C10E89279315}.AppStore|iPhoneSimulator.ActiveCfg = Release|Any CPU
		{A02CB555-0887-410F-8F09-C10E89279315}.AppStore|iPhoneSimulator.Build.0 = Release|Any CPU
		{A02CB555-0887-410F-8F09-C10E89279315}.AppStore|x64.ActiveCfg = Release|Any CPU
		{A02CB555-0887-410F-8F09-C10E89279315}.AppStore|x64.Build.0 = Release|Any CPU
		{A02CB555-0887-410F-8F09-C10E89279315}.AppStore|x86.ActiveCfg = Release|Any CPU
		{A02CB555-0887-410F-8F09-C10E89279315}.AppStore|x86.Build.0 = Release|Any CPU
		{A02CB555-0887-410F-8F09-C10E89279315}.Debug|Any CPU.ActiveCfg = Debug|Any CPU
		{A02CB555-0887-410F-8F09-C10E89279315}.Debug|Any CPU.Build.0 = Debug|Any CPU
		{A02CB555-0887-410F-8F09-C10E89279315}.Debug|ARM.ActiveCfg = Debug|Any CPU
		{A02CB555-0887-410F-8F09-C10E89279315}.Debug|ARM.Build.0 = Debug|Any CPU
		{A02CB555-0887-410F-8F09-C10E89279315}.Debug|iPhone.ActiveCfg = Debug|Any CPU
		{A02CB555-0887-410F-8F09-C10E89279315}.Debug|iPhone.Build.0 = Debug|Any CPU
		{A02CB555-0887-410F-8F09-C10E89279315}.Debug|iPhoneSimulator.ActiveCfg = Debug|Any CPU
		{A02CB555-0887-410F-8F09-C10E89279315}.Debug|iPhoneSimulator.Build.0 = Debug|Any CPU
		{A02CB555-0887-410F-8F09-C10E89279315}.Debug|x64.ActiveCfg = Debug|Any CPU
		{A02CB555-0887-410F-8F09-C10E89279315}.Debug|x64.Build.0 = Debug|Any CPU
		{A02CB555-0887-410F-8F09-C10E89279315}.Debug|x86.ActiveCfg = Debug|Any CPU
		{A02CB555-0887-410F-8F09-C10E89279315}.Debug|x86.Build.0 = Debug|Any CPU
		{A02CB555-0887-410F-8F09-C10E89279315}.Release|Any CPU.ActiveCfg = Release|Any CPU
		{A02CB555-0887-410F-8F09-C10E89279315}.Release|Any CPU.Build.0 = Release|Any CPU
		{A02CB555-0887-410F-8F09-C10E89279315}.Release|ARM.ActiveCfg = Release|Any CPU
		{A02CB555-0887-410F-8F09-C10E89279315}.Release|ARM.Build.0 = Release|Any CPU
		{A02CB555-0887-410F-8F09-C10E89279315}.Release|iPhone.ActiveCfg = Release|Any CPU
		{A02CB555-0887-410F-8F09-C10E89279315}.Release|iPhone.Build.0 = Release|Any CPU
		{A02CB555-0887-410F-8F09-C10E89279315}.Release|iPhoneSimulator.ActiveCfg = Release|Any CPU
		{A02CB555-0887-410F-8F09-C10E89279315}.Release|iPhoneSimulator.Build.0 = Release|Any CPU
		{A02CB555-0887-410F-8F09-C10E89279315}.Release|x64.ActiveCfg = Release|Any CPU
		{A02CB555-0887-410F-8F09-C10E89279315}.Release|x64.Build.0 = Release|Any CPU
		{A02CB555-0887-410F-8F09-C10E89279315}.Release|x86.ActiveCfg = Release|Any CPU
		{A02CB555-0887-410F-8F09-C10E89279315}.Release|x86.Build.0 = Release|Any CPU
		{6981C853-93D8-417A-A8E5-60BB302BDBF0}.Ad-Hoc|Any CPU.ActiveCfg = Release|Any CPU
		{6981C853-93D8-417A-A8E5-60BB302BDBF0}.Ad-Hoc|Any CPU.Build.0 = Release|Any CPU
		{6981C853-93D8-417A-A8E5-60BB302BDBF0}.Ad-Hoc|ARM.ActiveCfg = Release|Any CPU
		{6981C853-93D8-417A-A8E5-60BB302BDBF0}.Ad-Hoc|ARM.Build.0 = Release|Any CPU
		{6981C853-93D8-417A-A8E5-60BB302BDBF0}.Ad-Hoc|iPhone.ActiveCfg = Release|Any CPU
		{6981C853-93D8-417A-A8E5-60BB302BDBF0}.Ad-Hoc|iPhone.Build.0 = Release|Any CPU
		{6981C853-93D8-417A-A8E5-60BB302BDBF0}.Ad-Hoc|iPhoneSimulator.ActiveCfg = Release|Any CPU
		{6981C853-93D8-417A-A8E5-60BB302BDBF0}.Ad-Hoc|iPhoneSimulator.Build.0 = Release|Any CPU
		{6981C853-93D8-417A-A8E5-60BB302BDBF0}.Ad-Hoc|x64.ActiveCfg = Release|Any CPU
		{6981C853-93D8-417A-A8E5-60BB302BDBF0}.Ad-Hoc|x64.Build.0 = Release|Any CPU
		{6981C853-93D8-417A-A8E5-60BB302BDBF0}.Ad-Hoc|x86.ActiveCfg = Release|Any CPU
		{6981C853-93D8-417A-A8E5-60BB302BDBF0}.Ad-Hoc|x86.Build.0 = Release|Any CPU
		{6981C853-93D8-417A-A8E5-60BB302BDBF0}.AppStore|Any CPU.ActiveCfg = Release|Any CPU
		{6981C853-93D8-417A-A8E5-60BB302BDBF0}.AppStore|Any CPU.Build.0 = Release|Any CPU
		{6981C853-93D8-417A-A8E5-60BB302BDBF0}.AppStore|ARM.ActiveCfg = Release|Any CPU
		{6981C853-93D8-417A-A8E5-60BB302BDBF0}.AppStore|ARM.Build.0 = Release|Any CPU
		{6981C853-93D8-417A-A8E5-60BB302BDBF0}.AppStore|iPhone.ActiveCfg = Release|Any CPU
		{6981C853-93D8-417A-A8E5-60BB302BDBF0}.AppStore|iPhone.Build.0 = Release|Any CPU
		{6981C853-93D8-417A-A8E5-60BB302BDBF0}.AppStore|iPhoneSimulator.ActiveCfg = Release|Any CPU
		{6981C853-93D8-417A-A8E5-60BB302BDBF0}.AppStore|iPhoneSimulator.Build.0 = Release|Any CPU
		{6981C853-93D8-417A-A8E5-60BB302BDBF0}.AppStore|x64.ActiveCfg = Release|Any CPU
		{6981C853-93D8-417A-A8E5-60BB302BDBF0}.AppStore|x64.Build.0 = Release|Any CPU
		{6981C853-93D8-417A-A8E5-60BB302BDBF0}.AppStore|x86.ActiveCfg = Release|Any CPU
		{6981C853-93D8-417A-A8E5-60BB302BDBF0}.AppStore|x86.Build.0 = Release|Any CPU
		{6981C853-93D8-417A-A8E5-60BB302BDBF0}.Debug|Any CPU.ActiveCfg = Debug|Any CPU
		{6981C853-93D8-417A-A8E5-60BB302BDBF0}.Debug|Any CPU.Build.0 = Debug|Any CPU
		{6981C853-93D8-417A-A8E5-60BB302BDBF0}.Debug|ARM.ActiveCfg = Debug|Any CPU
		{6981C853-93D8-417A-A8E5-60BB302BDBF0}.Debug|ARM.Build.0 = Debug|Any CPU
		{6981C853-93D8-417A-A8E5-60BB302BDBF0}.Debug|iPhone.ActiveCfg = Debug|Any CPU
		{6981C853-93D8-417A-A8E5-60BB302BDBF0}.Debug|iPhone.Build.0 = Debug|Any CPU
		{6981C853-93D8-417A-A8E5-60BB302BDBF0}.Debug|iPhoneSimulator.ActiveCfg = Debug|Any CPU
		{6981C853-93D8-417A-A8E5-60BB302BDBF0}.Debug|iPhoneSimulator.Build.0 = Debug|Any CPU
		{6981C853-93D8-417A-A8E5-60BB302BDBF0}.Debug|x64.ActiveCfg = Debug|Any CPU
		{6981C853-93D8-417A-A8E5-60BB302BDBF0}.Debug|x64.Build.0 = Debug|Any CPU
		{6981C853-93D8-417A-A8E5-60BB302BDBF0}.Debug|x86.ActiveCfg = Debug|Any CPU
		{6981C853-93D8-417A-A8E5-60BB302BDBF0}.Debug|x86.Build.0 = Debug|Any CPU
		{6981C853-93D8-417A-A8E5-60BB302BDBF0}.Release|Any CPU.ActiveCfg = Release|Any CPU
		{6981C853-93D8-417A-A8E5-60BB302BDBF0}.Release|Any CPU.Build.0 = Release|Any CPU
		{6981C853-93D8-417A-A8E5-60BB302BDBF0}.Release|ARM.ActiveCfg = Release|Any CPU
		{6981C853-93D8-417A-A8E5-60BB302BDBF0}.Release|ARM.Build.0 = Release|Any CPU
		{6981C853-93D8-417A-A8E5-60BB302BDBF0}.Release|iPhone.ActiveCfg = Release|Any CPU
		{6981C853-93D8-417A-A8E5-60BB302BDBF0}.Release|iPhone.Build.0 = Release|Any CPU
		{6981C853-93D8-417A-A8E5-60BB302BDBF0}.Release|iPhoneSimulator.ActiveCfg = Release|Any CPU
		{6981C853-93D8-417A-A8E5-60BB302BDBF0}.Release|iPhoneSimulator.Build.0 = Release|Any CPU
		{6981C853-93D8-417A-A8E5-60BB302BDBF0}.Release|x64.ActiveCfg = Release|Any CPU
		{6981C853-93D8-417A-A8E5-60BB302BDBF0}.Release|x64.Build.0 = Release|Any CPU
		{6981C853-93D8-417A-A8E5-60BB302BDBF0}.Release|x86.ActiveCfg = Release|Any CPU
		{6981C853-93D8-417A-A8E5-60BB302BDBF0}.Release|x86.Build.0 = Release|Any CPU
		{5FF77DFE-FC30-4F65-804C-1EBE2D1D1826}.Ad-Hoc|Any CPU.ActiveCfg = Release|Any CPU
		{5FF77DFE-FC30-4F65-804C-1EBE2D1D1826}.Ad-Hoc|Any CPU.Build.0 = Release|Any CPU
		{5FF77DFE-FC30-4F65-804C-1EBE2D1D1826}.Ad-Hoc|ARM.ActiveCfg = Release|Any CPU
		{5FF77DFE-FC30-4F65-804C-1EBE2D1D1826}.Ad-Hoc|ARM.Build.0 = Release|Any CPU
		{5FF77DFE-FC30-4F65-804C-1EBE2D1D1826}.Ad-Hoc|iPhone.ActiveCfg = Release|Any CPU
		{5FF77DFE-FC30-4F65-804C-1EBE2D1D1826}.Ad-Hoc|iPhone.Build.0 = Release|Any CPU
		{5FF77DFE-FC30-4F65-804C-1EBE2D1D1826}.Ad-Hoc|iPhoneSimulator.ActiveCfg = Release|Any CPU
		{5FF77DFE-FC30-4F65-804C-1EBE2D1D1826}.Ad-Hoc|iPhoneSimulator.Build.0 = Release|Any CPU
		{5FF77DFE-FC30-4F65-804C-1EBE2D1D1826}.Ad-Hoc|x64.ActiveCfg = Release|Any CPU
		{5FF77DFE-FC30-4F65-804C-1EBE2D1D1826}.Ad-Hoc|x64.Build.0 = Release|Any CPU
		{5FF77DFE-FC30-4F65-804C-1EBE2D1D1826}.Ad-Hoc|x86.ActiveCfg = Release|Any CPU
		{5FF77DFE-FC30-4F65-804C-1EBE2D1D1826}.Ad-Hoc|x86.Build.0 = Release|Any CPU
		{5FF77DFE-FC30-4F65-804C-1EBE2D1D1826}.AppStore|Any CPU.ActiveCfg = Release|Any CPU
		{5FF77DFE-FC30-4F65-804C-1EBE2D1D1826}.AppStore|Any CPU.Build.0 = Release|Any CPU
		{5FF77DFE-FC30-4F65-804C-1EBE2D1D1826}.AppStore|ARM.ActiveCfg = Release|Any CPU
		{5FF77DFE-FC30-4F65-804C-1EBE2D1D1826}.AppStore|ARM.Build.0 = Release|Any CPU
		{5FF77DFE-FC30-4F65-804C-1EBE2D1D1826}.AppStore|iPhone.ActiveCfg = Release|Any CPU
		{5FF77DFE-FC30-4F65-804C-1EBE2D1D1826}.AppStore|iPhone.Build.0 = Release|Any CPU
		{5FF77DFE-FC30-4F65-804C-1EBE2D1D1826}.AppStore|iPhoneSimulator.ActiveCfg = Release|Any CPU
		{5FF77DFE-FC30-4F65-804C-1EBE2D1D1826}.AppStore|iPhoneSimulator.Build.0 = Release|Any CPU
		{5FF77DFE-FC30-4F65-804C-1EBE2D1D1826}.AppStore|x64.ActiveCfg = Release|Any CPU
		{5FF77DFE-FC30-4F65-804C-1EBE2D1D1826}.AppStore|x64.Build.0 = Release|Any CPU
		{5FF77DFE-FC30-4F65-804C-1EBE2D1D1826}.AppStore|x86.ActiveCfg = Release|Any CPU
		{5FF77DFE-FC30-4F65-804C-1EBE2D1D1826}.AppStore|x86.Build.0 = Release|Any CPU
		{5FF77DFE-FC30-4F65-804C-1EBE2D1D1826}.Debug|Any CPU.ActiveCfg = Debug|Any CPU
		{5FF77DFE-FC30-4F65-804C-1EBE2D1D1826}.Debug|Any CPU.Build.0 = Debug|Any CPU
		{5FF77DFE-FC30-4F65-804C-1EBE2D1D1826}.Debug|ARM.ActiveCfg = Debug|Any CPU
		{5FF77DFE-FC30-4F65-804C-1EBE2D1D1826}.Debug|ARM.Build.0 = Debug|Any CPU
		{5FF77DFE-FC30-4F65-804C-1EBE2D1D1826}.Debug|iPhone.ActiveCfg = Debug|Any CPU
		{5FF77DFE-FC30-4F65-804C-1EBE2D1D1826}.Debug|iPhone.Build.0 = Debug|Any CPU
		{5FF77DFE-FC30-4F65-804C-1EBE2D1D1826}.Debug|iPhoneSimulator.ActiveCfg = Debug|Any CPU
		{5FF77DFE-FC30-4F65-804C-1EBE2D1D1826}.Debug|iPhoneSimulator.Build.0 = Debug|Any CPU
		{5FF77DFE-FC30-4F65-804C-1EBE2D1D1826}.Debug|x64.ActiveCfg = Debug|Any CPU
		{5FF77DFE-FC30-4F65-804C-1EBE2D1D1826}.Debug|x64.Build.0 = Debug|Any CPU
		{5FF77DFE-FC30-4F65-804C-1EBE2D1D1826}.Debug|x86.ActiveCfg = Debug|Any CPU
		{5FF77DFE-FC30-4F65-804C-1EBE2D1D1826}.Debug|x86.Build.0 = Debug|Any CPU
		{5FF77DFE-FC30-4F65-804C-1EBE2D1D1826}.Release|Any CPU.ActiveCfg = Release|Any CPU
		{5FF77DFE-FC30-4F65-804C-1EBE2D1D1826}.Release|Any CPU.Build.0 = Release|Any CPU
		{5FF77DFE-FC30-4F65-804C-1EBE2D1D1826}.Release|ARM.ActiveCfg = Release|Any CPU
		{5FF77DFE-FC30-4F65-804C-1EBE2D1D1826}.Release|ARM.Build.0 = Release|Any CPU
		{5FF77DFE-FC30-4F65-804C-1EBE2D1D1826}.Release|iPhone.ActiveCfg = Release|Any CPU
		{5FF77DFE-FC30-4F65-804C-1EBE2D1D1826}.Release|iPhone.Build.0 = Release|Any CPU
		{5FF77DFE-FC30-4F65-804C-1EBE2D1D1826}.Release|iPhoneSimulator.ActiveCfg = Release|Any CPU
		{5FF77DFE-FC30-4F65-804C-1EBE2D1D1826}.Release|iPhoneSimulator.Build.0 = Release|Any CPU
		{5FF77DFE-FC30-4F65-804C-1EBE2D1D1826}.Release|x64.ActiveCfg = Release|Any CPU
		{5FF77DFE-FC30-4F65-804C-1EBE2D1D1826}.Release|x64.Build.0 = Release|Any CPU
		{5FF77DFE-FC30-4F65-804C-1EBE2D1D1826}.Release|x86.ActiveCfg = Release|Any CPU
		{5FF77DFE-FC30-4F65-804C-1EBE2D1D1826}.Release|x86.Build.0 = Release|Any CPU
		{C974FE62-D6DF-44F8-889D-12EE389C7D10}.Ad-Hoc|Any CPU.ActiveCfg = Release|Any CPU
		{C974FE62-D6DF-44F8-889D-12EE389C7D10}.Ad-Hoc|Any CPU.Build.0 = Release|Any CPU
		{C974FE62-D6DF-44F8-889D-12EE389C7D10}.Ad-Hoc|ARM.ActiveCfg = Release|Any CPU
		{C974FE62-D6DF-44F8-889D-12EE389C7D10}.Ad-Hoc|ARM.Build.0 = Release|Any CPU
		{C974FE62-D6DF-44F8-889D-12EE389C7D10}.Ad-Hoc|iPhone.ActiveCfg = Release|Any CPU
		{C974FE62-D6DF-44F8-889D-12EE389C7D10}.Ad-Hoc|iPhone.Build.0 = Release|Any CPU
		{C974FE62-D6DF-44F8-889D-12EE389C7D10}.Ad-Hoc|iPhoneSimulator.ActiveCfg = Release|Any CPU
		{C974FE62-D6DF-44F8-889D-12EE389C7D10}.Ad-Hoc|iPhoneSimulator.Build.0 = Release|Any CPU
		{C974FE62-D6DF-44F8-889D-12EE389C7D10}.Ad-Hoc|x64.ActiveCfg = Release|Any CPU
		{C974FE62-D6DF-44F8-889D-12EE389C7D10}.Ad-Hoc|x64.Build.0 = Release|Any CPU
		{C974FE62-D6DF-44F8-889D-12EE389C7D10}.Ad-Hoc|x86.ActiveCfg = Release|Any CPU
		{C974FE62-D6DF-44F8-889D-12EE389C7D10}.Ad-Hoc|x86.Build.0 = Release|Any CPU
		{C974FE62-D6DF-44F8-889D-12EE389C7D10}.AppStore|Any CPU.ActiveCfg = Release|Any CPU
		{C974FE62-D6DF-44F8-889D-12EE389C7D10}.AppStore|Any CPU.Build.0 = Release|Any CPU
		{C974FE62-D6DF-44F8-889D-12EE389C7D10}.AppStore|ARM.ActiveCfg = Release|Any CPU
		{C974FE62-D6DF-44F8-889D-12EE389C7D10}.AppStore|ARM.Build.0 = Release|Any CPU
		{C974FE62-D6DF-44F8-889D-12EE389C7D10}.AppStore|iPhone.ActiveCfg = Release|Any CPU
		{C974FE62-D6DF-44F8-889D-12EE389C7D10}.AppStore|iPhone.Build.0 = Release|Any CPU
		{C974FE62-D6DF-44F8-889D-12EE389C7D10}.AppStore|iPhoneSimulator.ActiveCfg = Release|Any CPU
		{C974FE62-D6DF-44F8-889D-12EE389C7D10}.AppStore|iPhoneSimulator.Build.0 = Release|Any CPU
		{C974FE62-D6DF-44F8-889D-12EE389C7D10}.AppStore|x64.ActiveCfg = Release|Any CPU
		{C974FE62-D6DF-44F8-889D-12EE389C7D10}.AppStore|x64.Build.0 = Release|Any CPU
		{C974FE62-D6DF-44F8-889D-12EE389C7D10}.AppStore|x86.ActiveCfg = Release|Any CPU
		{C974FE62-D6DF-44F8-889D-12EE389C7D10}.AppStore|x86.Build.0 = Release|Any CPU
		{C974FE62-D6DF-44F8-889D-12EE389C7D10}.Debug|Any CPU.ActiveCfg = Debug|Any CPU
		{C974FE62-D6DF-44F8-889D-12EE389C7D10}.Debug|Any CPU.Build.0 = Debug|Any CPU
		{C974FE62-D6DF-44F8-889D-12EE389C7D10}.Debug|ARM.ActiveCfg = Debug|Any CPU
		{C974FE62-D6DF-44F8-889D-12EE389C7D10}.Debug|ARM.Build.0 = Debug|Any CPU
		{C974FE62-D6DF-44F8-889D-12EE389C7D10}.Debug|iPhone.ActiveCfg = Debug|Any CPU
		{C974FE62-D6DF-44F8-889D-12EE389C7D10}.Debug|iPhone.Build.0 = Debug|Any CPU
		{C974FE62-D6DF-44F8-889D-12EE389C7D10}.Debug|iPhoneSimulator.ActiveCfg = Debug|Any CPU
		{C974FE62-D6DF-44F8-889D-12EE389C7D10}.Debug|iPhoneSimulator.Build.0 = Debug|Any CPU
		{C974FE62-D6DF-44F8-889D-12EE389C7D10}.Debug|x64.ActiveCfg = Debug|Any CPU
		{C974FE62-D6DF-44F8-889D-12EE389C7D10}.Debug|x64.Build.0 = Debug|Any CPU
		{C974FE62-D6DF-44F8-889D-12EE389C7D10}.Debug|x86.ActiveCfg = Debug|Any CPU
		{C974FE62-D6DF-44F8-889D-12EE389C7D10}.Debug|x86.Build.0 = Debug|Any CPU
		{C974FE62-D6DF-44F8-889D-12EE389C7D10}.Release|Any CPU.ActiveCfg = Release|Any CPU
		{C974FE62-D6DF-44F8-889D-12EE389C7D10}.Release|Any CPU.Build.0 = Release|Any CPU
		{C974FE62-D6DF-44F8-889D-12EE389C7D10}.Release|ARM.ActiveCfg = Release|Any CPU
		{C974FE62-D6DF-44F8-889D-12EE389C7D10}.Release|ARM.Build.0 = Release|Any CPU
		{C974FE62-D6DF-44F8-889D-12EE389C7D10}.Release|iPhone.ActiveCfg = Release|Any CPU
		{C974FE62-D6DF-44F8-889D-12EE389C7D10}.Release|iPhone.Build.0 = Release|Any CPU
		{C974FE62-D6DF-44F8-889D-12EE389C7D10}.Release|iPhoneSimulator.ActiveCfg = Release|Any CPU
		{C974FE62-D6DF-44F8-889D-12EE389C7D10}.Release|iPhoneSimulator.Build.0 = Release|Any CPU
		{C974FE62-D6DF-44F8-889D-12EE389C7D10}.Release|x64.ActiveCfg = Release|Any CPU
		{C974FE62-D6DF-44F8-889D-12EE389C7D10}.Release|x64.Build.0 = Release|Any CPU
		{C974FE62-D6DF-44F8-889D-12EE389C7D10}.Release|x86.ActiveCfg = Release|Any CPU
		{C974FE62-D6DF-44F8-889D-12EE389C7D10}.Release|x86.Build.0 = Release|Any CPU
		{173D434F-2F6F-4FBF-A3E8-1F23583E2D11}.Ad-Hoc|Any CPU.ActiveCfg = Release|Any CPU
		{173D434F-2F6F-4FBF-A3E8-1F23583E2D11}.Ad-Hoc|Any CPU.Build.0 = Release|Any CPU
		{173D434F-2F6F-4FBF-A3E8-1F23583E2D11}.Ad-Hoc|ARM.ActiveCfg = Release|Any CPU
		{173D434F-2F6F-4FBF-A3E8-1F23583E2D11}.Ad-Hoc|ARM.Build.0 = Release|Any CPU
		{173D434F-2F6F-4FBF-A3E8-1F23583E2D11}.Ad-Hoc|iPhone.ActiveCfg = Release|Any CPU
		{173D434F-2F6F-4FBF-A3E8-1F23583E2D11}.Ad-Hoc|iPhone.Build.0 = Release|Any CPU
		{173D434F-2F6F-4FBF-A3E8-1F23583E2D11}.Ad-Hoc|iPhoneSimulator.ActiveCfg = Release|Any CPU
		{173D434F-2F6F-4FBF-A3E8-1F23583E2D11}.Ad-Hoc|iPhoneSimulator.Build.0 = Release|Any CPU
		{173D434F-2F6F-4FBF-A3E8-1F23583E2D11}.Ad-Hoc|x64.ActiveCfg = Release|Any CPU
		{173D434F-2F6F-4FBF-A3E8-1F23583E2D11}.Ad-Hoc|x64.Build.0 = Release|Any CPU
		{173D434F-2F6F-4FBF-A3E8-1F23583E2D11}.Ad-Hoc|x86.ActiveCfg = Release|Any CPU
		{173D434F-2F6F-4FBF-A3E8-1F23583E2D11}.Ad-Hoc|x86.Build.0 = Release|Any CPU
		{173D434F-2F6F-4FBF-A3E8-1F23583E2D11}.AppStore|Any CPU.ActiveCfg = Release|Any CPU
		{173D434F-2F6F-4FBF-A3E8-1F23583E2D11}.AppStore|Any CPU.Build.0 = Release|Any CPU
		{173D434F-2F6F-4FBF-A3E8-1F23583E2D11}.AppStore|ARM.ActiveCfg = Release|Any CPU
		{173D434F-2F6F-4FBF-A3E8-1F23583E2D11}.AppStore|ARM.Build.0 = Release|Any CPU
		{173D434F-2F6F-4FBF-A3E8-1F23583E2D11}.AppStore|iPhone.ActiveCfg = Release|Any CPU
		{173D434F-2F6F-4FBF-A3E8-1F23583E2D11}.AppStore|iPhone.Build.0 = Release|Any CPU
		{173D434F-2F6F-4FBF-A3E8-1F23583E2D11}.AppStore|iPhoneSimulator.ActiveCfg = Release|Any CPU
		{173D434F-2F6F-4FBF-A3E8-1F23583E2D11}.AppStore|iPhoneSimulator.Build.0 = Release|Any CPU
		{173D434F-2F6F-4FBF-A3E8-1F23583E2D11}.AppStore|x64.ActiveCfg = Release|Any CPU
		{173D434F-2F6F-4FBF-A3E8-1F23583E2D11}.AppStore|x64.Build.0 = Release|Any CPU
		{173D434F-2F6F-4FBF-A3E8-1F23583E2D11}.AppStore|x86.ActiveCfg = Release|Any CPU
		{173D434F-2F6F-4FBF-A3E8-1F23583E2D11}.AppStore|x86.Build.0 = Release|Any CPU
		{173D434F-2F6F-4FBF-A3E8-1F23583E2D11}.Debug|Any CPU.ActiveCfg = Debug|Any CPU
		{173D434F-2F6F-4FBF-A3E8-1F23583E2D11}.Debug|Any CPU.Build.0 = Debug|Any CPU
		{173D434F-2F6F-4FBF-A3E8-1F23583E2D11}.Debug|ARM.ActiveCfg = Debug|Any CPU
		{173D434F-2F6F-4FBF-A3E8-1F23583E2D11}.Debug|ARM.Build.0 = Debug|Any CPU
		{173D434F-2F6F-4FBF-A3E8-1F23583E2D11}.Debug|iPhone.ActiveCfg = Debug|Any CPU
		{173D434F-2F6F-4FBF-A3E8-1F23583E2D11}.Debug|iPhone.Build.0 = Debug|Any CPU
		{173D434F-2F6F-4FBF-A3E8-1F23583E2D11}.Debug|iPhoneSimulator.ActiveCfg = Debug|Any CPU
		{173D434F-2F6F-4FBF-A3E8-1F23583E2D11}.Debug|iPhoneSimulator.Build.0 = Debug|Any CPU
		{173D434F-2F6F-4FBF-A3E8-1F23583E2D11}.Debug|x64.ActiveCfg = Debug|Any CPU
		{173D434F-2F6F-4FBF-A3E8-1F23583E2D11}.Debug|x64.Build.0 = Debug|Any CPU
		{173D434F-2F6F-4FBF-A3E8-1F23583E2D11}.Debug|x86.ActiveCfg = Debug|Any CPU
		{173D434F-2F6F-4FBF-A3E8-1F23583E2D11}.Debug|x86.Build.0 = Debug|Any CPU
		{173D434F-2F6F-4FBF-A3E8-1F23583E2D11}.Release|Any CPU.ActiveCfg = Release|Any CPU
		{173D434F-2F6F-4FBF-A3E8-1F23583E2D11}.Release|Any CPU.Build.0 = Release|Any CPU
		{173D434F-2F6F-4FBF-A3E8-1F23583E2D11}.Release|ARM.ActiveCfg = Release|Any CPU
		{173D434F-2F6F-4FBF-A3E8-1F23583E2D11}.Release|ARM.Build.0 = Release|Any CPU
		{173D434F-2F6F-4FBF-A3E8-1F23583E2D11}.Release|iPhone.ActiveCfg = Release|Any CPU
		{173D434F-2F6F-4FBF-A3E8-1F23583E2D11}.Release|iPhone.Build.0 = Release|Any CPU
		{173D434F-2F6F-4FBF-A3E8-1F23583E2D11}.Release|iPhoneSimulator.ActiveCfg = Release|Any CPU
		{173D434F-2F6F-4FBF-A3E8-1F23583E2D11}.Release|iPhoneSimulator.Build.0 = Release|Any CPU
		{173D434F-2F6F-4FBF-A3E8-1F23583E2D11}.Release|x64.ActiveCfg = Release|Any CPU
		{173D434F-2F6F-4FBF-A3E8-1F23583E2D11}.Release|x64.Build.0 = Release|Any CPU
		{173D434F-2F6F-4FBF-A3E8-1F23583E2D11}.Release|x86.ActiveCfg = Release|Any CPU
		{173D434F-2F6F-4FBF-A3E8-1F23583E2D11}.Release|x86.Build.0 = Release|Any CPU
		{D6EE3BA6-B316-41A3-A931-B5BED57D5446}.Ad-Hoc|Any CPU.ActiveCfg = Release|Any CPU
		{D6EE3BA6-B316-41A3-A931-B5BED57D5446}.Ad-Hoc|Any CPU.Build.0 = Release|Any CPU
		{D6EE3BA6-B316-41A3-A931-B5BED57D5446}.Ad-Hoc|ARM.ActiveCfg = Release|Any CPU
		{D6EE3BA6-B316-41A3-A931-B5BED57D5446}.Ad-Hoc|ARM.Build.0 = Release|Any CPU
		{D6EE3BA6-B316-41A3-A931-B5BED57D5446}.Ad-Hoc|iPhone.ActiveCfg = Release|Any CPU
		{D6EE3BA6-B316-41A3-A931-B5BED57D5446}.Ad-Hoc|iPhone.Build.0 = Release|Any CPU
		{D6EE3BA6-B316-41A3-A931-B5BED57D5446}.Ad-Hoc|iPhoneSimulator.ActiveCfg = Release|Any CPU
		{D6EE3BA6-B316-41A3-A931-B5BED57D5446}.Ad-Hoc|iPhoneSimulator.Build.0 = Release|Any CPU
		{D6EE3BA6-B316-41A3-A931-B5BED57D5446}.Ad-Hoc|x64.ActiveCfg = Release|Any CPU
		{D6EE3BA6-B316-41A3-A931-B5BED57D5446}.Ad-Hoc|x64.Build.0 = Release|Any CPU
		{D6EE3BA6-B316-41A3-A931-B5BED57D5446}.Ad-Hoc|x86.ActiveCfg = Release|Any CPU
		{D6EE3BA6-B316-41A3-A931-B5BED57D5446}.Ad-Hoc|x86.Build.0 = Release|Any CPU
		{D6EE3BA6-B316-41A3-A931-B5BED57D5446}.AppStore|Any CPU.ActiveCfg = Release|Any CPU
		{D6EE3BA6-B316-41A3-A931-B5BED57D5446}.AppStore|Any CPU.Build.0 = Release|Any CPU
		{D6EE3BA6-B316-41A3-A931-B5BED57D5446}.AppStore|ARM.ActiveCfg = Release|Any CPU
		{D6EE3BA6-B316-41A3-A931-B5BED57D5446}.AppStore|ARM.Build.0 = Release|Any CPU
		{D6EE3BA6-B316-41A3-A931-B5BED57D5446}.AppStore|iPhone.ActiveCfg = Release|Any CPU
		{D6EE3BA6-B316-41A3-A931-B5BED57D5446}.AppStore|iPhone.Build.0 = Release|Any CPU
		{D6EE3BA6-B316-41A3-A931-B5BED57D5446}.AppStore|iPhoneSimulator.ActiveCfg = Release|Any CPU
		{D6EE3BA6-B316-41A3-A931-B5BED57D5446}.AppStore|iPhoneSimulator.Build.0 = Release|Any CPU
		{D6EE3BA6-B316-41A3-A931-B5BED57D5446}.AppStore|x64.ActiveCfg = Release|Any CPU
		{D6EE3BA6-B316-41A3-A931-B5BED57D5446}.AppStore|x64.Build.0 = Release|Any CPU
		{D6EE3BA6-B316-41A3-A931-B5BED57D5446}.AppStore|x86.ActiveCfg = Release|Any CPU
		{D6EE3BA6-B316-41A3-A931-B5BED57D5446}.AppStore|x86.Build.0 = Release|Any CPU
		{D6EE3BA6-B316-41A3-A931-B5BED57D5446}.Debug|Any CPU.ActiveCfg = Debug|Any CPU
		{D6EE3BA6-B316-41A3-A931-B5BED57D5446}.Debug|Any CPU.Build.0 = Debug|Any CPU
		{D6EE3BA6-B316-41A3-A931-B5BED57D5446}.Debug|ARM.ActiveCfg = Debug|Any CPU
		{D6EE3BA6-B316-41A3-A931-B5BED57D5446}.Debug|ARM.Build.0 = Debug|Any CPU
		{D6EE3BA6-B316-41A3-A931-B5BED57D5446}.Debug|iPhone.ActiveCfg = Debug|Any CPU
		{D6EE3BA6-B316-41A3-A931-B5BED57D5446}.Debug|iPhone.Build.0 = Debug|Any CPU
		{D6EE3BA6-B316-41A3-A931-B5BED57D5446}.Debug|iPhoneSimulator.ActiveCfg = Debug|Any CPU
		{D6EE3BA6-B316-41A3-A931-B5BED57D5446}.Debug|iPhoneSimulator.Build.0 = Debug|Any CPU
		{D6EE3BA6-B316-41A3-A931-B5BED57D5446}.Debug|x64.ActiveCfg = Debug|Any CPU
		{D6EE3BA6-B316-41A3-A931-B5BED57D5446}.Debug|x64.Build.0 = Debug|Any CPU
		{D6EE3BA6-B316-41A3-A931-B5BED57D5446}.Debug|x86.ActiveCfg = Debug|Any CPU
		{D6EE3BA6-B316-41A3-A931-B5BED57D5446}.Debug|x86.Build.0 = Debug|Any CPU
		{D6EE3BA6-B316-41A3-A931-B5BED57D5446}.Release|Any CPU.ActiveCfg = Release|Any CPU
		{D6EE3BA6-B316-41A3-A931-B5BED57D5446}.Release|Any CPU.Build.0 = Release|Any CPU
		{D6EE3BA6-B316-41A3-A931-B5BED57D5446}.Release|ARM.ActiveCfg = Release|Any CPU
		{D6EE3BA6-B316-41A3-A931-B5BED57D5446}.Release|ARM.Build.0 = Release|Any CPU
		{D6EE3BA6-B316-41A3-A931-B5BED57D5446}.Release|iPhone.ActiveCfg = Release|Any CPU
		{D6EE3BA6-B316-41A3-A931-B5BED57D5446}.Release|iPhone.Build.0 = Release|Any CPU
		{D6EE3BA6-B316-41A3-A931-B5BED57D5446}.Release|iPhoneSimulator.ActiveCfg = Release|Any CPU
		{D6EE3BA6-B316-41A3-A931-B5BED57D5446}.Release|iPhoneSimulator.Build.0 = Release|Any CPU
		{D6EE3BA6-B316-41A3-A931-B5BED57D5446}.Release|x64.ActiveCfg = Release|Any CPU
		{D6EE3BA6-B316-41A3-A931-B5BED57D5446}.Release|x64.Build.0 = Release|Any CPU
		{D6EE3BA6-B316-41A3-A931-B5BED57D5446}.Release|x86.ActiveCfg = Release|Any CPU
		{D6EE3BA6-B316-41A3-A931-B5BED57D5446}.Release|x86.Build.0 = Release|Any CPU
		{5868B875-FBE5-4839-82E0-35D12B80648B}.Ad-Hoc|Any CPU.ActiveCfg = Release|Any CPU
		{5868B875-FBE5-4839-82E0-35D12B80648B}.Ad-Hoc|Any CPU.Build.0 = Release|Any CPU
		{5868B875-FBE5-4839-82E0-35D12B80648B}.Ad-Hoc|ARM.ActiveCfg = Release|Any CPU
		{5868B875-FBE5-4839-82E0-35D12B80648B}.Ad-Hoc|ARM.Build.0 = Release|Any CPU
		{5868B875-FBE5-4839-82E0-35D12B80648B}.Ad-Hoc|iPhone.ActiveCfg = Release|Any CPU
		{5868B875-FBE5-4839-82E0-35D12B80648B}.Ad-Hoc|iPhone.Build.0 = Release|Any CPU
		{5868B875-FBE5-4839-82E0-35D12B80648B}.Ad-Hoc|iPhoneSimulator.ActiveCfg = Release|Any CPU
		{5868B875-FBE5-4839-82E0-35D12B80648B}.Ad-Hoc|iPhoneSimulator.Build.0 = Release|Any CPU
		{5868B875-FBE5-4839-82E0-35D12B80648B}.Ad-Hoc|x64.ActiveCfg = Release|Any CPU
		{5868B875-FBE5-4839-82E0-35D12B80648B}.Ad-Hoc|x64.Build.0 = Release|Any CPU
		{5868B875-FBE5-4839-82E0-35D12B80648B}.Ad-Hoc|x86.ActiveCfg = Release|Any CPU
		{5868B875-FBE5-4839-82E0-35D12B80648B}.Ad-Hoc|x86.Build.0 = Release|Any CPU
		{5868B875-FBE5-4839-82E0-35D12B80648B}.AppStore|Any CPU.ActiveCfg = Release|Any CPU
		{5868B875-FBE5-4839-82E0-35D12B80648B}.AppStore|Any CPU.Build.0 = Release|Any CPU
		{5868B875-FBE5-4839-82E0-35D12B80648B}.AppStore|ARM.ActiveCfg = Release|Any CPU
		{5868B875-FBE5-4839-82E0-35D12B80648B}.AppStore|ARM.Build.0 = Release|Any CPU
		{5868B875-FBE5-4839-82E0-35D12B80648B}.AppStore|iPhone.ActiveCfg = Release|Any CPU
		{5868B875-FBE5-4839-82E0-35D12B80648B}.AppStore|iPhone.Build.0 = Release|Any CPU
		{5868B875-FBE5-4839-82E0-35D12B80648B}.AppStore|iPhoneSimulator.ActiveCfg = Release|Any CPU
		{5868B875-FBE5-4839-82E0-35D12B80648B}.AppStore|iPhoneSimulator.Build.0 = Release|Any CPU
		{5868B875-FBE5-4839-82E0-35D12B80648B}.AppStore|x64.ActiveCfg = Release|Any CPU
		{5868B875-FBE5-4839-82E0-35D12B80648B}.AppStore|x64.Build.0 = Release|Any CPU
		{5868B875-FBE5-4839-82E0-35D12B80648B}.AppStore|x86.ActiveCfg = Release|Any CPU
		{5868B875-FBE5-4839-82E0-35D12B80648B}.AppStore|x86.Build.0 = Release|Any CPU
		{5868B875-FBE5-4839-82E0-35D12B80648B}.Debug|Any CPU.ActiveCfg = Debug|Any CPU
		{5868B875-FBE5-4839-82E0-35D12B80648B}.Debug|Any CPU.Build.0 = Debug|Any CPU
		{5868B875-FBE5-4839-82E0-35D12B80648B}.Debug|ARM.ActiveCfg = Debug|Any CPU
		{5868B875-FBE5-4839-82E0-35D12B80648B}.Debug|ARM.Build.0 = Debug|Any CPU
		{5868B875-FBE5-4839-82E0-35D12B80648B}.Debug|iPhone.ActiveCfg = Debug|Any CPU
		{5868B875-FBE5-4839-82E0-35D12B80648B}.Debug|iPhone.Build.0 = Debug|Any CPU
		{5868B875-FBE5-4839-82E0-35D12B80648B}.Debug|iPhoneSimulator.ActiveCfg = Debug|Any CPU
		{5868B875-FBE5-4839-82E0-35D12B80648B}.Debug|iPhoneSimulator.Build.0 = Debug|Any CPU
		{5868B875-FBE5-4839-82E0-35D12B80648B}.Debug|x64.ActiveCfg = Debug|Any CPU
		{5868B875-FBE5-4839-82E0-35D12B80648B}.Debug|x64.Build.0 = Debug|Any CPU
		{5868B875-FBE5-4839-82E0-35D12B80648B}.Debug|x86.ActiveCfg = Debug|Any CPU
		{5868B875-FBE5-4839-82E0-35D12B80648B}.Debug|x86.Build.0 = Debug|Any CPU
		{5868B875-FBE5-4839-82E0-35D12B80648B}.Release|Any CPU.ActiveCfg = Release|Any CPU
		{5868B875-FBE5-4839-82E0-35D12B80648B}.Release|Any CPU.Build.0 = Release|Any CPU
		{5868B875-FBE5-4839-82E0-35D12B80648B}.Release|ARM.ActiveCfg = Release|Any CPU
		{5868B875-FBE5-4839-82E0-35D12B80648B}.Release|ARM.Build.0 = Release|Any CPU
		{5868B875-FBE5-4839-82E0-35D12B80648B}.Release|iPhone.ActiveCfg = Release|Any CPU
		{5868B875-FBE5-4839-82E0-35D12B80648B}.Release|iPhone.Build.0 = Release|Any CPU
		{5868B875-FBE5-4839-82E0-35D12B80648B}.Release|iPhoneSimulator.ActiveCfg = Release|Any CPU
		{5868B875-FBE5-4839-82E0-35D12B80648B}.Release|iPhoneSimulator.Build.0 = Release|Any CPU
		{5868B875-FBE5-4839-82E0-35D12B80648B}.Release|x64.ActiveCfg = Release|Any CPU
		{5868B875-FBE5-4839-82E0-35D12B80648B}.Release|x64.Build.0 = Release|Any CPU
		{5868B875-FBE5-4839-82E0-35D12B80648B}.Release|x86.ActiveCfg = Release|Any CPU
		{5868B875-FBE5-4839-82E0-35D12B80648B}.Release|x86.Build.0 = Release|Any CPU
		{53CF252E-59B6-491A-9163-D1465B130CEF}.Ad-Hoc|Any CPU.ActiveCfg = Release|Any CPU
		{53CF252E-59B6-491A-9163-D1465B130CEF}.Ad-Hoc|Any CPU.Build.0 = Release|Any CPU
		{53CF252E-59B6-491A-9163-D1465B130CEF}.Ad-Hoc|ARM.ActiveCfg = Release|Any CPU
		{53CF252E-59B6-491A-9163-D1465B130CEF}.Ad-Hoc|ARM.Build.0 = Release|Any CPU
		{53CF252E-59B6-491A-9163-D1465B130CEF}.Ad-Hoc|iPhone.ActiveCfg = Release|Any CPU
		{53CF252E-59B6-491A-9163-D1465B130CEF}.Ad-Hoc|iPhone.Build.0 = Release|Any CPU
		{53CF252E-59B6-491A-9163-D1465B130CEF}.Ad-Hoc|iPhoneSimulator.ActiveCfg = Release|Any CPU
		{53CF252E-59B6-491A-9163-D1465B130CEF}.Ad-Hoc|iPhoneSimulator.Build.0 = Release|Any CPU
		{53CF252E-59B6-491A-9163-D1465B130CEF}.Ad-Hoc|x64.ActiveCfg = Release|Any CPU
		{53CF252E-59B6-491A-9163-D1465B130CEF}.Ad-Hoc|x64.Build.0 = Release|Any CPU
		{53CF252E-59B6-491A-9163-D1465B130CEF}.Ad-Hoc|x86.ActiveCfg = Release|Any CPU
		{53CF252E-59B6-491A-9163-D1465B130CEF}.Ad-Hoc|x86.Build.0 = Release|Any CPU
		{53CF252E-59B6-491A-9163-D1465B130CEF}.AppStore|Any CPU.ActiveCfg = Release|Any CPU
		{53CF252E-59B6-491A-9163-D1465B130CEF}.AppStore|Any CPU.Build.0 = Release|Any CPU
		{53CF252E-59B6-491A-9163-D1465B130CEF}.AppStore|ARM.ActiveCfg = Release|Any CPU
		{53CF252E-59B6-491A-9163-D1465B130CEF}.AppStore|ARM.Build.0 = Release|Any CPU
		{53CF252E-59B6-491A-9163-D1465B130CEF}.AppStore|iPhone.ActiveCfg = Release|Any CPU
		{53CF252E-59B6-491A-9163-D1465B130CEF}.AppStore|iPhone.Build.0 = Release|Any CPU
		{53CF252E-59B6-491A-9163-D1465B130CEF}.AppStore|iPhoneSimulator.ActiveCfg = Release|Any CPU
		{53CF252E-59B6-491A-9163-D1465B130CEF}.AppStore|iPhoneSimulator.Build.0 = Release|Any CPU
		{53CF252E-59B6-491A-9163-D1465B130CEF}.AppStore|x64.ActiveCfg = Release|Any CPU
		{53CF252E-59B6-491A-9163-D1465B130CEF}.AppStore|x64.Build.0 = Release|Any CPU
		{53CF252E-59B6-491A-9163-D1465B130CEF}.AppStore|x86.ActiveCfg = Release|Any CPU
		{53CF252E-59B6-491A-9163-D1465B130CEF}.AppStore|x86.Build.0 = Release|Any CPU
		{53CF252E-59B6-491A-9163-D1465B130CEF}.Debug|Any CPU.ActiveCfg = Debug|Any CPU
		{53CF252E-59B6-491A-9163-D1465B130CEF}.Debug|Any CPU.Build.0 = Debug|Any CPU
		{53CF252E-59B6-491A-9163-D1465B130CEF}.Debug|ARM.ActiveCfg = Debug|Any CPU
		{53CF252E-59B6-491A-9163-D1465B130CEF}.Debug|ARM.Build.0 = Debug|Any CPU
		{53CF252E-59B6-491A-9163-D1465B130CEF}.Debug|iPhone.ActiveCfg = Debug|Any CPU
		{53CF252E-59B6-491A-9163-D1465B130CEF}.Debug|iPhone.Build.0 = Debug|Any CPU
		{53CF252E-59B6-491A-9163-D1465B130CEF}.Debug|iPhoneSimulator.ActiveCfg = Debug|Any CPU
		{53CF252E-59B6-491A-9163-D1465B130CEF}.Debug|iPhoneSimulator.Build.0 = Debug|Any CPU
		{53CF252E-59B6-491A-9163-D1465B130CEF}.Debug|x64.ActiveCfg = Debug|Any CPU
		{53CF252E-59B6-491A-9163-D1465B130CEF}.Debug|x64.Build.0 = Debug|Any CPU
		{53CF252E-59B6-491A-9163-D1465B130CEF}.Debug|x86.ActiveCfg = Debug|Any CPU
		{53CF252E-59B6-491A-9163-D1465B130CEF}.Debug|x86.Build.0 = Debug|Any CPU
		{53CF252E-59B6-491A-9163-D1465B130CEF}.Release|Any CPU.ActiveCfg = Release|Any CPU
		{53CF252E-59B6-491A-9163-D1465B130CEF}.Release|Any CPU.Build.0 = Release|Any CPU
		{53CF252E-59B6-491A-9163-D1465B130CEF}.Release|ARM.ActiveCfg = Release|Any CPU
		{53CF252E-59B6-491A-9163-D1465B130CEF}.Release|ARM.Build.0 = Release|Any CPU
		{53CF252E-59B6-491A-9163-D1465B130CEF}.Release|iPhone.ActiveCfg = Release|Any CPU
		{53CF252E-59B6-491A-9163-D1465B130CEF}.Release|iPhone.Build.0 = Release|Any CPU
		{53CF252E-59B6-491A-9163-D1465B130CEF}.Release|iPhoneSimulator.ActiveCfg = Release|Any CPU
		{53CF252E-59B6-491A-9163-D1465B130CEF}.Release|iPhoneSimulator.Build.0 = Release|Any CPU
		{53CF252E-59B6-491A-9163-D1465B130CEF}.Release|x64.ActiveCfg = Release|Any CPU
		{53CF252E-59B6-491A-9163-D1465B130CEF}.Release|x64.Build.0 = Release|Any CPU
		{53CF252E-59B6-491A-9163-D1465B130CEF}.Release|x86.ActiveCfg = Release|Any CPU
		{53CF252E-59B6-491A-9163-D1465B130CEF}.Release|x86.Build.0 = Release|Any CPU
		{2D86D74C-BC1C-4A4E-82E8-E5494DD70E8C}.Ad-Hoc|Any CPU.ActiveCfg = Release|Any CPU
		{2D86D74C-BC1C-4A4E-82E8-E5494DD70E8C}.Ad-Hoc|Any CPU.Build.0 = Release|Any CPU
		{2D86D74C-BC1C-4A4E-82E8-E5494DD70E8C}.Ad-Hoc|ARM.ActiveCfg = Release|Any CPU
		{2D86D74C-BC1C-4A4E-82E8-E5494DD70E8C}.Ad-Hoc|ARM.Build.0 = Release|Any CPU
		{2D86D74C-BC1C-4A4E-82E8-E5494DD70E8C}.Ad-Hoc|iPhone.ActiveCfg = Release|Any CPU
		{2D86D74C-BC1C-4A4E-82E8-E5494DD70E8C}.Ad-Hoc|iPhone.Build.0 = Release|Any CPU
		{2D86D74C-BC1C-4A4E-82E8-E5494DD70E8C}.Ad-Hoc|iPhoneSimulator.ActiveCfg = Release|Any CPU
		{2D86D74C-BC1C-4A4E-82E8-E5494DD70E8C}.Ad-Hoc|iPhoneSimulator.Build.0 = Release|Any CPU
		{2D86D74C-BC1C-4A4E-82E8-E5494DD70E8C}.Ad-Hoc|x64.ActiveCfg = Release|Any CPU
		{2D86D74C-BC1C-4A4E-82E8-E5494DD70E8C}.Ad-Hoc|x64.Build.0 = Release|Any CPU
		{2D86D74C-BC1C-4A4E-82E8-E5494DD70E8C}.Ad-Hoc|x86.ActiveCfg = Release|Any CPU
		{2D86D74C-BC1C-4A4E-82E8-E5494DD70E8C}.Ad-Hoc|x86.Build.0 = Release|Any CPU
		{2D86D74C-BC1C-4A4E-82E8-E5494DD70E8C}.AppStore|Any CPU.ActiveCfg = Release|Any CPU
		{2D86D74C-BC1C-4A4E-82E8-E5494DD70E8C}.AppStore|Any CPU.Build.0 = Release|Any CPU
		{2D86D74C-BC1C-4A4E-82E8-E5494DD70E8C}.AppStore|ARM.ActiveCfg = Release|Any CPU
		{2D86D74C-BC1C-4A4E-82E8-E5494DD70E8C}.AppStore|ARM.Build.0 = Release|Any CPU
		{2D86D74C-BC1C-4A4E-82E8-E5494DD70E8C}.AppStore|iPhone.ActiveCfg = Release|Any CPU
		{2D86D74C-BC1C-4A4E-82E8-E5494DD70E8C}.AppStore|iPhone.Build.0 = Release|Any CPU
		{2D86D74C-BC1C-4A4E-82E8-E5494DD70E8C}.AppStore|iPhoneSimulator.ActiveCfg = Release|Any CPU
		{2D86D74C-BC1C-4A4E-82E8-E5494DD70E8C}.AppStore|iPhoneSimulator.Build.0 = Release|Any CPU
		{2D86D74C-BC1C-4A4E-82E8-E5494DD70E8C}.AppStore|x64.ActiveCfg = Release|Any CPU
		{2D86D74C-BC1C-4A4E-82E8-E5494DD70E8C}.AppStore|x64.Build.0 = Release|Any CPU
		{2D86D74C-BC1C-4A4E-82E8-E5494DD70E8C}.AppStore|x86.ActiveCfg = Release|Any CPU
		{2D86D74C-BC1C-4A4E-82E8-E5494DD70E8C}.AppStore|x86.Build.0 = Release|Any CPU
		{2D86D74C-BC1C-4A4E-82E8-E5494DD70E8C}.Debug|Any CPU.ActiveCfg = Debug|Any CPU
		{2D86D74C-BC1C-4A4E-82E8-E5494DD70E8C}.Debug|Any CPU.Build.0 = Debug|Any CPU
		{2D86D74C-BC1C-4A4E-82E8-E5494DD70E8C}.Debug|ARM.ActiveCfg = Debug|Any CPU
		{2D86D74C-BC1C-4A4E-82E8-E5494DD70E8C}.Debug|ARM.Build.0 = Debug|Any CPU
		{2D86D74C-BC1C-4A4E-82E8-E5494DD70E8C}.Debug|iPhone.ActiveCfg = Debug|Any CPU
		{2D86D74C-BC1C-4A4E-82E8-E5494DD70E8C}.Debug|iPhone.Build.0 = Debug|Any CPU
		{2D86D74C-BC1C-4A4E-82E8-E5494DD70E8C}.Debug|iPhoneSimulator.ActiveCfg = Debug|Any CPU
		{2D86D74C-BC1C-4A4E-82E8-E5494DD70E8C}.Debug|iPhoneSimulator.Build.0 = Debug|Any CPU
		{2D86D74C-BC1C-4A4E-82E8-E5494DD70E8C}.Debug|x64.ActiveCfg = Debug|Any CPU
		{2D86D74C-BC1C-4A4E-82E8-E5494DD70E8C}.Debug|x64.Build.0 = Debug|Any CPU
		{2D86D74C-BC1C-4A4E-82E8-E5494DD70E8C}.Debug|x86.ActiveCfg = Debug|Any CPU
		{2D86D74C-BC1C-4A4E-82E8-E5494DD70E8C}.Debug|x86.Build.0 = Debug|Any CPU
		{2D86D74C-BC1C-4A4E-82E8-E5494DD70E8C}.Release|Any CPU.ActiveCfg = Release|Any CPU
		{2D86D74C-BC1C-4A4E-82E8-E5494DD70E8C}.Release|Any CPU.Build.0 = Release|Any CPU
		{2D86D74C-BC1C-4A4E-82E8-E5494DD70E8C}.Release|ARM.ActiveCfg = Release|Any CPU
		{2D86D74C-BC1C-4A4E-82E8-E5494DD70E8C}.Release|ARM.Build.0 = Release|Any CPU
		{2D86D74C-BC1C-4A4E-82E8-E5494DD70E8C}.Release|iPhone.ActiveCfg = Release|Any CPU
		{2D86D74C-BC1C-4A4E-82E8-E5494DD70E8C}.Release|iPhone.Build.0 = Release|Any CPU
		{2D86D74C-BC1C-4A4E-82E8-E5494DD70E8C}.Release|iPhoneSimulator.ActiveCfg = Release|Any CPU
		{2D86D74C-BC1C-4A4E-82E8-E5494DD70E8C}.Release|iPhoneSimulator.Build.0 = Release|Any CPU
		{2D86D74C-BC1C-4A4E-82E8-E5494DD70E8C}.Release|x64.ActiveCfg = Release|Any CPU
		{2D86D74C-BC1C-4A4E-82E8-E5494DD70E8C}.Release|x64.Build.0 = Release|Any CPU
		{2D86D74C-BC1C-4A4E-82E8-E5494DD70E8C}.Release|x86.ActiveCfg = Release|Any CPU
		{2D86D74C-BC1C-4A4E-82E8-E5494DD70E8C}.Release|x86.Build.0 = Release|Any CPU
	EndGlobalSection
	GlobalSection(SolutionProperties) = preSolution
		HideSolutionNode = FALSE
	EndGlobalSection
	GlobalSection(NestedProjects) = preSolution
		{6FBBAD48-321A-4E0A-991B-91DD279754A8} = {51308D59-EBBE-4073-9104-969E459079B2}
		{A6EE1A28-54AF-43C8-A56C-F83AA4897CF8} = {D491A566-5BCB-4932-9F91-D7C96CD27EDF}
		{A02CB555-0887-410F-8F09-C10E89279315} = {D491A566-5BCB-4932-9F91-D7C96CD27EDF}
		{6981C853-93D8-417A-A8E5-60BB302BDBF0} = {9D0A3E54-F180-4AAA-A2B8-6C3D58091846}
		{5FF77DFE-FC30-4F65-804C-1EBE2D1D1826} = {9D0A3E54-F180-4AAA-A2B8-6C3D58091846}
		{63FDE6FE-8634-47B5-AE23-E551EDFDCFF3} = {9D0A3E54-F180-4AAA-A2B8-6C3D58091846}
		{C974FE62-D6DF-44F8-889D-12EE389C7D10} = {63FDE6FE-8634-47B5-AE23-E551EDFDCFF3}
		{173D434F-2F6F-4FBF-A3E8-1F23583E2D11} = {63FDE6FE-8634-47B5-AE23-E551EDFDCFF3}
		{D6EE3BA6-B316-41A3-A931-B5BED57D5446} = {4E65D9CE-5E35-4038-A12D-AED5D18FBF72}
		{5868B875-FBE5-4839-82E0-35D12B80648B} = {63FDE6FE-8634-47B5-AE23-E551EDFDCFF3}
		{53CF252E-59B6-491A-9163-D1465B130CEF} = {4E65D9CE-5E35-4038-A12D-AED5D18FBF72}
		{2D86D74C-BC1C-4A4E-82E8-E5494DD70E8C} = {4E65D9CE-5E35-4038-A12D-AED5D18FBF72}
	EndGlobalSection
	GlobalSection(ExtensibilityGlobals) = postSolution
		SolutionGuid = {A8786627-988A-49FE-A81B-B5D7B18FA593}
	EndGlobalSection
EndGlobal
